
Microsoft Visual Studio Solution File, Format Version 12.00
# Visual Studio Version 17
VisualStudioVersion = 17.9.34728.123
MinimumVisualStudioVersion = 10.0.40219.1
Project("{E24C65DC-7377-472B-9ABA-BC803B73C61A}") = "BrendonTech", "http://localhost:52492", "{46643F37-B4A2-4F56-87F8-06B4696FC18B}"
	ProjectSection(WebsiteProperties) = preProject
		UseIISExpress = "true"
		TargetFrameworkMoniker = ".NETFramework,Version%3Dv4.8"
		Debug.AspNetCompiler.VirtualPath = "/localhost_52492"
		Debug.AspNetCompiler.PhysicalPath = "..\..\Users\Brendon\Documents\My Web Sites\BrendonTech\"
		Debug.AspNetCompiler.TargetPath = "PrecompiledWeb\localhost_52492\"
		Debug.AspNetCompiler.Updateable = "true"
		Debug.AspNetCompiler.ForceOverwrite = "true"
		Debug.AspNetCompiler.FixedNames = "false"
		Debug.AspNetCompiler.Debug = "True"
		Release.AspNetCompiler.VirtualPath = "/localhost_52492"
		Release.AspNetCompiler.PhysicalPath = "..\..\Users\Brendon\Documents\My Web Sites\BrendonTech\"
		Release.AspNetCompiler.TargetPath = "PrecompiledWeb\localhost_52492\"
		Release.AspNetCompiler.Updateable = "true"
		Release.AspNetCompiler.ForceOverwrite = "true"
		Release.AspNetCompiler.FixedNames = "false"
		Release.AspNetCompiler.Debug = "False"
		SlnRelativePath = "..\..\Users\Brendon\Documents\My Web Sites\BrendonTech\"
	EndProjectSection
EndProject
Global
	GlobalSection(SolutionConfigurationPlatforms) = preSolution
		Debug|Any CPU = Debug|Any CPU
	EndGlobalSection
	GlobalSection(ProjectConfigurationPlatforms) = postSolution
		{46643F37-B4A2-4F56-87F8-06B4696FC18B}.Debug|Any CPU.ActiveCfg = Debug|Any CPU
		{46643F37-B4A2-4F56-87F8-06B4696FC18B}.Debug|Any CPU.Build.0 = Debug|Any CPU
	EndGlobalSection
	GlobalSection(SolutionProperties) = preSolution
		HideSolutionNode = FALSE
	EndGlobalSection
	GlobalSection(ExtensibilityGlobals) = postSolution
		SolutionGuid = {984E775B-58CE-46F4-BC92-B6C3F2796FF1}
	EndGlobalSection
EndGlobal
